
Microsoft Visual Studio Solution File, Format Version 12.00
# Visual Studio Version 16
VisualStudioVersion = 16.0.31624.102
MinimumVisualStudioVersion = 10.0.40219.1
Project("{9A19103F-16F7-4668-BE54-9A1E7A4F7556}") = "MyLeasing.Common", "MyLeasing.Common\MyLeasing.Common.csproj", "{D962E2AA-8307-4492-AE3A-8578CC85A23B}"
EndProject
Project("{FAE04EC0-301F-11D3-BF4B-00C04F79EFBC}") = "MyLeasing.Web", "MyLeasing.Web\MyLeasing.Web.csproj", "{443C0494-4308-4ADF-AE0D-0818BCB4AD18}"
EndProject
Global
	GlobalSection(SolutionConfigurationPlatforms) = preSolution
		Debug|Any CPU = Debug|Any CPU
		Release|Any CPU = Release|Any CPU
	EndGlobalSection
	GlobalSection(ProjectConfigurationPlatforms) = postSolution
		{D962E2AA-8307-4492-AE3A-8578CC85A23B}.Debug|Any CPU.ActiveCfg = Debug|Any CPU
		{D962E2AA-8307-4492-AE3A-8578CC85A23B}.Debug|Any CPU.Build.0 = Debug|Any CPU
		{D962E2AA-8307-4492-AE3A-8578CC85A23B}.Release|Any CPU.ActiveCfg = Release|Any CPU
		{D962E2AA-8307-4492-AE3A-8578CC85A23B}.Release|Any CPU.Build.0 = Release|Any CPU
		{443C0494-4308-4ADF-AE0D-0818BCB4AD18}.Debug|Any CPU.ActiveCfg = Debug|Any CPU
		{443C0494-4308-4ADF-AE0D-0818BCB4AD18}.Debug|Any CPU.Build.0 = Debug|Any CPU
		{443C0494-4308-4ADF-AE0D-0818BCB4AD18}.Release|Any CPU.ActiveCfg = Release|Any CPU
		{443C0494-4308-4ADF-AE0D-0818BCB4AD18}.Release|Any CPU.Build.0 = Release|Any CPU
	EndGlobalSection
	GlobalSection(SolutionProperties) = preSolution
		HideSolutionNode = FALSE
	EndGlobalSection
	GlobalSection(ExtensibilityGlobals) = postSolution
		SolutionGuid = {F870C06A-3612-4204-862C-47C68A9BA60E}
	EndGlobalSection
EndGlobal
